// !$*UTF8*$!
{
	archiveVersion = 1;
	classes = {
	};
	objectVersion = 55;
	objects = {

/* Begin PBXBuildFile section */
		EE43045127D9DCDB00A8C27B /* ReactiveForm in Frameworks */ = {isa = PBXBuildFile; productRef = EE43045027D9DCDB00A8C27B /* ReactiveForm */; };
		EE7F7AD927D9B847008972F3 /* FormExampleApp.swift in Sources */ = {isa = PBXBuildFile; fileRef = EE7F7ACF27D9B847008972F3 /* FormExampleApp.swift */; };
		EE7F7ADA27D9B847008972F3 /* Assets.xcassets in Resources */ = {isa = PBXBuildFile; fileRef = EE7F7AD027D9B847008972F3 /* Assets.xcassets */; };
		EE7F7ADB27D9B847008972F3 /* Preview Assets.xcassets in Resources */ = {isa = PBXBuildFile; fileRef = EE7F7AD227D9B847008972F3 /* Preview Assets.xcassets */; };
		EE7F7ADC27D9B847008972F3 /* ValidateOnChangeView.swift in Sources */ = {isa = PBXBuildFile; fileRef = EE7F7AD427D9B847008972F3 /* ValidateOnChangeView.swift */; };
		EE7F7ADD27D9B847008972F3 /* BasicFormControlView.swift in Sources */ = {isa = PBXBuildFile; fileRef = EE7F7AD527D9B847008972F3 /* BasicFormControlView.swift */; };
		EE7F7ADE27D9B847008972F3 /* BasicFormFieldView.swift in Sources */ = {isa = PBXBuildFile; fileRef = EE7F7AD627D9B847008972F3 /* BasicFormFieldView.swift */; };
		EE7F7ADF27D9B847008972F3 /* ValidateOnSubmitView.swift in Sources */ = {isa = PBXBuildFile; fileRef = EE7F7AD727D9B847008972F3 /* ValidateOnSubmitView.swift */; };
		EE7F7AE027D9B847008972F3 /* ContentView.swift in Sources */ = {isa = PBXBuildFile; fileRef = EE7F7AD827D9B847008972F3 /* ContentView.swift */; };
/* End PBXBuildFile section */

/* Begin PBXFileReference section */
		DB97A6E9276F41C3009FDC23 /* FormExample.app */ = {isa = PBXFileReference; explicitFileType = wrapper.application; includeInIndex = 0; path = FormExample.app; sourceTree = BUILT_PRODUCTS_DIR; };
		EE43044E27D9DBE500A8C27B /* ReactiveForm */ = {isa = PBXFileReference; lastKnownFileType = wrapper; name = ReactiveForm; path = ..; sourceTree = "<group>"; };
		EE43044F27D9DCD600A8C27B /* Info.plist */ = {isa = PBXFileReference; lastKnownFileType = text.plist; path = Info.plist; sourceTree = "<group>"; };
		EE7F7ACF27D9B847008972F3 /* FormExampleApp.swift */ = {isa = PBXFileReference; fileEncoding = 4; lastKnownFileType = sourcecode.swift; path = FormExampleApp.swift; sourceTree = "<group>"; };
		EE7F7AD027D9B847008972F3 /* Assets.xcassets */ = {isa = PBXFileReference; lastKnownFileType = folder.assetcatalog; path = Assets.xcassets; sourceTree = "<group>"; };
		EE7F7AD227D9B847008972F3 /* Preview Assets.xcassets */ = {isa = PBXFileReference; lastKnownFileType = folder.assetcatalog; path = "Preview Assets.xcassets"; sourceTree = "<group>"; };
		EE7F7AD427D9B847008972F3 /* ValidateOnChangeView.swift */ = {isa = PBXFileReference; fileEncoding = 4; lastKnownFileType = sourcecode.swift; path = ValidateOnChangeView.swift; sourceTree = "<group>"; };
		EE7F7AD527D9B847008972F3 /* BasicFormControlView.swift */ = {isa = PBXFileReference; fileEncoding = 4; lastKnownFileType = sourcecode.swift; path = BasicFormControlView.swift; sourceTree = "<group>"; };
		EE7F7AD627D9B847008972F3 /* BasicFormFieldView.swift */ = {isa = PBXFileReference; fileEncoding = 4; lastKnownFileType = sourcecode.swift; path = BasicFormFieldView.swift; sourceTree = "<group>"; };
		EE7F7AD727D9B847008972F3 /* ValidateOnSubmitView.swift */ = {isa = PBXFileReference; fileEncoding = 4; lastKnownFileType = sourcecode.swift; path = ValidateOnSubmitView.swift; sourceTree = "<group>"; };
		EE7F7AD827D9B847008972F3 /* ContentView.swift */ = {isa = PBXFileReference; fileEncoding = 4; lastKnownFileType = sourcecode.swift; path = ContentView.swift; sourceTree = "<group>"; };
/* End PBXFileReference section */

/* Begin PBXFrameworksBuildPhase section */
		DB97A6E6276F41C3009FDC23 /* Frameworks */ = {
			isa = PBXFrameworksBuildPhase;
			buildActionMask = 2147483647;
			files = (
				EE43045127D9DCDB00A8C27B /* ReactiveForm in Frameworks */,
			);
			runOnlyForDeploymentPostprocessing = 0;
		};
/* End PBXFrameworksBuildPhase section */

/* Begin PBXGroup section */
		DB5A80292773806800D8EBB6 /* Frameworks */ = {
			isa = PBXGroup;
			children = (
			);
			name = Frameworks;
			sourceTree = "<group>";
		};
		DB830EF427737A8F0057511D /* Packages */ = {
			isa = PBXGroup;
			children = (
				EE43044E27D9DBE500A8C27B /* ReactiveForm */,
			);
			name = Packages;
			sourceTree = "<group>";
		};
		DB97A6E0276F41C3009FDC23 = {
			isa = PBXGroup;
			children = (
				EE7F7ACE27D9B847008972F3 /* FormExample */,
				DB830EF427737A8F0057511D /* Packages */,
				DB97A6EA276F41C3009FDC23 /* Products */,
				DB5A80292773806800D8EBB6 /* Frameworks */,
			);
			sourceTree = "<group>";
		};
		DB97A6EA276F41C3009FDC23 /* Products */ = {
			isa = PBXGroup;
			children = (
				DB97A6E9276F41C3009FDC23 /* FormExample.app */,
			);
			name = Products;
			sourceTree = "<group>";
		};
		EE7F7ACE27D9B847008972F3 /* FormExample */ = {
			isa = PBXGroup;
			children = (
				EE43044F27D9DCD600A8C27B /* Info.plist */,
				EE7F7ACF27D9B847008972F3 /* FormExampleApp.swift */,
				EE7F7AD027D9B847008972F3 /* Assets.xcassets */,
				EE7F7AD127D9B847008972F3 /* Preview Content */,
				EE7F7AD327D9B847008972F3 /* Usage */,
				EE7F7AD827D9B847008972F3 /* ContentView.swift */,
			);
			path = FormExample;
			sourceTree = "<group>";
		};
		EE7F7AD127D9B847008972F3 /* Preview Content */ = {
			isa = PBXGroup;
			children = (
				EE7F7AD227D9B847008972F3 /* Preview Assets.xcassets */,
			);
			path = "Preview Content";
			sourceTree = "<group>";
		};
		EE7F7AD327D9B847008972F3 /* Usage */ = {
			isa = PBXGroup;
			children = (
				EE7F7AD427D9B847008972F3 /* ValidateOnChangeView.swift */,
				EE7F7AD527D9B847008972F3 /* BasicFormControlView.swift */,
				EE7F7AD627D9B847008972F3 /* BasicFormFieldView.swift */,
				EE7F7AD727D9B847008972F3 /* ValidateOnSubmitView.swift */,
			);
			path = Usage;
			sourceTree = "<group>";
		};
/* End PBXGroup section */

/* Begin PBXNativeTarget section */
		DB97A6E8276F41C3009FDC23 /* FormExample */ = {
			isa = PBXNativeTarget;
			buildConfigurationList = DB97A6F7276F41C6009FDC23 /* Build configuration list for PBXNativeTarget "FormExample" */;
			buildPhases = (
				DB97A6E5276F41C3009FDC23 /* Sources */,
				DB97A6E6276F41C3009FDC23 /* Frameworks */,
				DB97A6E7276F41C3009FDC23 /* Resources */,
			);
			buildRules = (
			);
			dependencies = (
			);
			name = FormExample;
			packageProductDependencies = (
				EE43045027D9DCDB00A8C27B /* ReactiveForm */,
			);
			productName = FormNinja;
			productReference = DB97A6E9276F41C3009FDC23 /* FormExample.app */;
			productType = "com.apple.product-type.application";
		};
/* End PBXNativeTarget section */

/* Begin PBXProject section */
		DB97A6E1276F41C3009FDC23 /* Project object */ = {
			isa = PBXProject;
			attributes = {
				BuildIndependentTargetsInParallel = 1;
				LastSwiftUpdateCheck = 1320;
				LastUpgradeCheck = 1320;
				TargetAttributes = {
					DB97A6E8276F41C3009FDC23 = {
						CreatedOnToolsVersion = 13.2.1;
					};
				};
			};
			buildConfigurationList = DB97A6E4276F41C3009FDC23 /* Build configuration list for PBXProject "FormExample" */;
			compatibilityVersion = "Xcode 13.0";
			developmentRegion = en;
			hasScannedForEncodings = 0;
			knownRegions = (
				en,
				Base,
			);
			mainGroup = DB97A6E0276F41C3009FDC23;
			packageReferences = (
			);
			productRefGroup = DB97A6EA276F41C3009FDC23 /* Products */;
			projectDirPath = "";
			projectRoot = "";
			targets = (
				DB97A6E8276F41C3009FDC23 /* FormExample */,
			);
		};
/* End PBXProject section */

/* Begin PBXResourcesBuildPhase section */
		DB97A6E7276F41C3009FDC23 /* Resources */ = {
			isa = PBXResourcesBuildPhase;
			buildActionMask = 2147483647;
			files = (
				EE7F7ADB27D9B847008972F3 /* Preview Assets.xcassets in Resources */,
				EE7F7ADA27D9B847008972F3 /* Assets.xcassets in Resources */,
			);
			runOnlyForDeploymentPostprocessing = 0;
		};
/* End PBXResourcesBuildPhase section */

/* Begin PBXSourcesBuildPhase section */
		DB97A6E5276F41C3009FDC23 /* Sources */ = {
			isa = PBXSourcesBuildPhase;
			buildActionMask = 2147483647;
			files = (
				EE7F7ADF27D9B847008972F3 /* ValidateOnSubmitView.swift in Sources */,
				EE7F7ADE27D9B847008972F3 /* BasicFormFieldView.swift in Sources */,
				EE7F7AE027D9B847008972F3 /* ContentView.swift in Sources */,
				EE7F7AD927D9B847008972F3 /* FormExampleApp.swift in Sources */,
				EE7F7ADC27D9B847008972F3 /* ValidateOnChangeView.swift in Sources */,
				EE7F7ADD27D9B847008972F3 /* BasicFormControlView.swift in Sources */,
			);
			runOnlyForDeploymentPostprocessing = 0;
		};
/* End PBXSourcesBuildPhase section */

/* Begin XCBuildConfiguration section */
		DB97A6F5276F41C6009FDC23 /* Debug */ = {
			isa = XCBuildConfiguration;
			buildSettings = {
				ALWAYS_SEARCH_USER_PATHS = NO;
				CLANG_ANALYZER_NONNULL = YES;
				CLANG_ANALYZER_NUMBER_OBJECT_CONVERSION = YES_AGGRESSIVE;
				CLANG_CXX_LANGUAGE_STANDARD = "gnu++17";
				CLANG_CXX_LIBRARY = "libc++";
				CLANG_ENABLE_MODULES = YES;
				CLANG_ENABLE_OBJC_ARC = YES;
				CLANG_ENABLE_OBJC_WEAK = YES;
				CLANG_WARN_BLOCK_CAPTURE_AUTORELEASING = YES;
				CLANG_WARN_BOOL_CONVERSION = YES;
				CLANG_WARN_COMMA = YES;
				CLANG_WARN_CONSTANT_CONVERSION = YES;
				CLANG_WARN_DEPRECATED_OBJC_IMPLEMENTATIONS = YES;
				CLANG_WARN_DIRECT_OBJC_ISA_USAGE = YES_ERROR;
				CLANG_WARN_DOCUMENTATION_COMMENTS = YES;
				CLANG_WARN_EMPTY_BODY = YES;
				CLANG_WARN_ENUM_CONVERSION = YES;
				CLANG_WARN_INFINITE_RECURSION = YES;
				CLANG_WARN_INT_CONVERSION = YES;
				CLANG_WARN_NON_LITERAL_NULL_CONVERSION = YES;
				CLANG_WARN_OBJC_IMPLICIT_RETAIN_SELF = YES;
				CLANG_WARN_OBJC_LITERAL_CONVERSION = YES;
				CLANG_WARN_OBJC_ROOT_CLASS = YES_ERROR;
				CLANG_WARN_QUOTED_INCLUDE_IN_FRAMEWORK_HEADER = YES;
				CLANG_WARN_RANGE_LOOP_ANALYSIS = YES;
				CLANG_WARN_STRICT_PROTOTYPES = YES;
				CLANG_WARN_SUSPICIOUS_MOVE = YES;
				CLANG_WARN_UNGUARDED_AVAILABILITY = YES_AGGRESSIVE;
				CLANG_WARN_UNREACHABLE_CODE = YES;
				CLANG_WARN__DUPLICATE_METHOD_MATCH = YES;
				COPY_PHASE_STRIP = NO;
				DEBUG_INFORMATION_FORMAT = dwarf;
				ENABLE_STRICT_OBJC_MSGSEND = YES;
				ENABLE_TESTABILITY = YES;
				GCC_C_LANGUAGE_STANDARD = gnu11;
				GCC_DYNAMIC_NO_PIC = NO;
				GCC_NO_COMMON_BLOCKS = YES;
				GCC_OPTIMIZATION_LEVEL = 0;
				GCC_PREPROCESSOR_DEFINITIONS = (
					"DEBUG=1",
					"$(inherited)",
				);
				GCC_WARN_64_TO_32_BIT_CONVERSION = YES;
				GCC_WARN_ABOUT_RETURN_TYPE = YES_ERROR;
				GCC_WARN_UNDECLARED_SELECTOR = YES;
				GCC_WARN_UNINITIALIZED_AUTOS = YES_AGGRESSIVE;
				GCC_WARN_UNUSED_FUNCTION = YES;
				GCC_WARN_UNUSED_VARIABLE = YES;
				IPHONEOS_DEPLOYMENT_TARGET = 14.0;
				MTL_ENABLE_DEBUG_INFO = INCLUDE_SOURCE;
				MTL_FAST_MATH = YES;
				ONLY_ACTIVE_ARCH = YES;
				SDKROOT = iphoneos;
				SWIFT_ACTIVE_COMPILATION_CONDITIONS = DEBUG;
				SWIFT_OPTIMIZATION_LEVEL = "-Onone";
			};
			name = Debug;
		};
		DB97A6F6276F41C6009FDC23 /* Release */ = {
			isa = XCBuildConfiguration;
			buildSettings = {
				ALWAYS_SEARCH_USER_PATHS = NO;
				CLANG_ANALYZER_NONNULL = YES;
				CLANG_ANALYZER_NUMBER_OBJECT_CONVERSION = YES_AGGRESSIVE;
				CLANG_CXX_LANGUAGE_STANDARD = "gnu++17";
				CLANG_CXX_LIBRARY = "libc++";
				CLANG_ENABLE_MODULES = YES;
				CLANG_ENABLE_OBJC_ARC = YES;
				CLANG_ENABLE_OBJC_WEAK = YES;
				CLANG_WARN_BLOCK_CAPTURE_AUTORELEASING = YES;
				CLANG_WARN_BOOL_CONVERSION = YES;
				CLANG_WARN_COMMA = YES;
				CLANG_WARN_CONSTANT_CONVERSION = YES;
				CLANG_WARN_DEPRECATED_OBJC_IMPLEMENTATIONS = YES;
				CLANG_WARN_DIRECT_OBJC_ISA_USAGE = YES_ERROR;
				CLANG_WARN_DOCUMENTATION_COMMENTS = YES;
				CLANG_WARN_EMPTY_BODY = YES;
				CLANG_WARN_ENUM_CONVERSION = YES;
				CLANG_WARN_INFINITE_RECURSION = YES;
				CLANG_WARN_INT_CONVERSION = YES;
				CLANG_WARN_NON_LITERAL_NULL_CONVERSION = YES;
				CLANG_WARN_OBJC_IMPLICIT_RETAIN_SELF = YES;
				CLANG_WARN_OBJC_LITERAL_CONVERSION = YES;
				CLANG_WARN_OBJC_ROOT_CLASS = YES_ERROR;
				CLANG_WARN_QUOTED_INCLUDE_IN_FRAMEWORK_HEADER = YES;
				CLANG_WARN_RANGE_LOOP_ANALYSIS = YES;
				CLANG_WARN_STRICT_PROTOTYPES = YES;
				CLANG_WARN_SUSPICIOUS_MOVE = YES;
				CLANG_WARN_UNGUARDED_AVAILABILITY = YES_AGGRESSIVE;
				CLANG_WARN_UNREACHABLE_CODE = YES;
				CLANG_WARN__DUPLICATE_METHOD_MATCH = YES;
				COPY_PHASE_STRIP = NO;
				DEBUG_INFORMATION_FORMAT = "dwarf-with-dsym";
				ENABLE_NS_ASSERTIONS = NO;
				ENABLE_STRICT_OBJC_MSGSEND = YES;
				GCC_C_LANGUAGE_STANDARD = gnu11;
				GCC_NO_COMMON_BLOCKS = YES;
				GCC_WARN_64_TO_32_BIT_CONVERSION = YES;
				GCC_WARN_ABOUT_RETURN_TYPE = YES_ERROR;
				GCC_WARN_UNDECLARED_SELECTOR = YES;
				GCC_WARN_UNINITIALIZED_AUTOS = YES_AGGRESSIVE;
				GCC_WARN_UNUSED_FUNCTION = YES;
				GCC_WARN_UNUSED_VARIABLE = YES;
				IPHONEOS_DEPLOYMENT_TARGET = 14.0;
				MTL_ENABLE_DEBUG_INFO = NO;
				MTL_FAST_MATH = YES;
				SDKROOT = iphoneos;
				SWIFT_COMPILATION_MODE = wholemodule;
				SWIFT_OPTIMIZATION_LEVEL = "-O";
				VALIDATE_PRODUCT = YES;
			};
			name = Release;
		};
		DB97A6F8276F41C6009FDC23 /* Debug */ = {
			isa = XCBuildConfiguration;
			buildSettings = {
				ASSETCATALOG_COMPILER_APPICON_NAME = AppIcon;
				ASSETCATALOG_COMPILER_GLOBAL_ACCENT_COLOR_NAME = AccentColor;
				CODE_SIGN_STYLE = Automatic;
				CURRENT_PROJECT_VERSION = 1;
				DEVELOPMENT_ASSET_PATHS = "\"FormExample/Preview Content\"";
				DEVELOPMENT_TEAM = 94BJG63F54;
				ENABLE_PREVIEWS = YES;
				GENERATE_INFOPLIST_FILE = YES;
				INFOPLIST_FILE = FormExample/Info.plist;
				INFOPLIST_KEY_UIApplicationSceneManifest_Generation = YES;
				INFOPLIST_KEY_UIApplicationSupportsIndirectInputEvents = YES;
				INFOPLIST_KEY_UILaunchScreen_Generation = YES;
				INFOPLIST_KEY_UISupportedInterfaceOrientations_iPad = "UIInterfaceOrientationPortrait UIInterfaceOrientationPortraitUpsideDown UIInterfaceOrientationLandscapeLeft UIInterfaceOrientationLandscapeRight";
				INFOPLIST_KEY_UISupportedInterfaceOrientations_iPhone = "UIInterfaceOrientationPortrait UIInterfaceOrientationLandscapeLeft UIInterfaceOrientationLandscapeRight";
				LD_RUNPATH_SEARCH_PATHS = (
					"$(inherited)",
					"@executable_path/Frameworks",
				);
				MARKETING_VERSION = 1.0;
				PRODUCT_BUNDLE_IDENTIFIER = com.samuraime.FormExample;
				PRODUCT_NAME = FormExample;
				SWIFT_EMIT_LOC_STRINGS = YES;
				SWIFT_VERSION = 5.0;
				TARGETED_DEVICE_FAMILY = "1,2";
			};
			name = Debug;
		};
		DB97A6F9276F41C6009FDC23 /* Release */ = {
			isa = XCBuildConfiguration;
			buildSettings = {
				ASSETCATALOG_COMPILER_APPICON_NAME = AppIcon;
				ASSETCATALOG_COMPILER_GLOBAL_ACCENT_COLOR_NAME = AccentColor;
				CODE_SIGN_STYLE = Automatic;
				CURRENT_PROJECT_VERSION = 1;
				DEVELOPMENT_ASSET_PATHS = "\"FormExample/Preview Content\"";
				DEVELOPMENT_TEAM = 94BJG63F54;
				ENABLE_PREVIEWS = YES;
				GENERATE_INFOPLIST_FILE = YES;
				INFOPLIST_FILE = FormExample/Info.plist;
				INFOPLIST_KEY_UIApplicationSceneManifest_Generation = YES;
				INFOPLIST_KEY_UIApplicationSupportsIndirectInputEvents = YES;
				INFOPLIST_KEY_UILaunchScreen_Generation = YES;
				INFOPLIST_KEY_UISupportedInterfaceOrientations_iPad = "UIInterfaceOrientationPortrait UIInterfaceOrientationPortraitUpsideDown UIInterfaceOrientationLandscapeLeft UIInterfaceOrientationLandscapeRight";
				INFOPLIST_KEY_UISupportedInterfaceOrientations_iPhone = "UIInterfaceOrientationPortrait UIInterfaceOrientationLandscapeLeft UIInterfaceOrientationLandscapeRight";
				LD_RUNPATH_SEARCH_PATHS = (
					"$(inherited)",
					"@executable_path/Frameworks",
				);
				MARKETING_VERSION = 1.0;
				PRODUCT_BUNDLE_IDENTIFIER = com.samuraime.FormExample;
				PRODUCT_NAME = FormExample;
				SWIFT_EMIT_LOC_STRINGS = YES;
				SWIFT_VERSION = 5.0;
				TARGETED_DEVICE_FAMILY = "1,2";
			};
			name = Release;
		};
/* End XCBuildConfiguration section */

/* Begin XCConfigurationList section */
		DB97A6E4276F41C3009FDC23 /* Build configuration list for PBXProject "FormExample" */ = {
			isa = XCConfigurationList;
			buildConfigurations = (
				DB97A6F5276F41C6009FDC23 /* Debug */,
				DB97A6F6276F41C6009FDC23 /* Release */,
			);
			defaultConfigurationIsVisible = 0;
			defaultConfigurationName = Release;
		};
		DB97A6F7276F41C6009FDC23 /* Build configuration list for PBXNativeTarget "FormExample" */ = {
			isa = XCConfigurationList;
			buildConfigurations = (
				DB97A6F8276F41C6009FDC23 /* Debug */,
				DB97A6F9276F41C6009FDC23 /* Release */,
			);
			defaultConfigurationIsVisible = 0;
			defaultConfigurationName = Release;
		};
/* End XCConfigurationList section */

/* Begin XCSwiftPackageProductDependency section */
		EE43045027D9DCDB00A8C27B /* ReactiveForm */ = {
			isa = XCSwiftPackageProductDependency;
			productName = ReactiveForm;
		};
/* End XCSwiftPackageProductDependency section */
	};
	rootObject = DB97A6E1276F41C3009FDC23 /* Project object */;
}
